// !$*UTF8*$!
{
	archiveVersion = 1;
	classes = {
	};
	objectVersion = 50;
	objects = {

/* Begin PBXBuildFile section */
		A20EAAA9225B3ACF0067A9BD /* AppDelegate.swift in Sources */ = {isa = PBXBuildFile; fileRef = A20EAAA8225B3ACF0067A9BD /* AppDelegate.swift */; };
		A20EAAAB225B3ACF0067A9BD /* ViewController.swift in Sources */ = {isa = PBXBuildFile; fileRef = A20EAAAA225B3ACF0067A9BD /* ViewController.swift */; };
		A20EAAAE225B3ACF0067A9BD /* Main.storyboard in Resources */ = {isa = PBXBuildFile; fileRef = A20EAAAC225B3ACF0067A9BD /* Main.storyboard */; };
		A20EAAB0225B3AD00067A9BD /* Assets.xcassets in Resources */ = {isa = PBXBuildFile; fileRef = A20EAAAF225B3AD00067A9BD /* Assets.xcassets */; };
		A20EAAB3225B3AD00067A9BD /* LaunchScreen.storyboard in Resources */ = {isa = PBXBuildFile; fileRef = A20EAAB1225B3AD00067A9BD /* LaunchScreen.storyboard */; };
/* End PBXBuildFile section */

/* Begin PBXFileReference section */
		A20EAAA5225B3ACF0067A9BD /* hotspotChatroom.app */ = {isa = PBXFileReference; explicitFileType = wrapper.application; includeInIndex = 0; path = hotspotChatroom.app; sourceTree = BUILT_PRODUCTS_DIR; };
		A20EAAA8225B3ACF0067A9BD /* AppDelegate.swift */ = {isa = PBXFileReference; lastKnownFileType = sourcecode.swift; path = AppDelegate.swift; sourceTree = "<group>"; };
		A20EAAAA225B3ACF0067A9BD /* ViewController.swift */ = {isa = PBXFileReference; lastKnownFileType = sourcecode.swift; path = ViewController.swift; sourceTree = "<group>"; };
		A20EAAAD225B3ACF0067A9BD /* Base */ = {isa = PBXFileReference; lastKnownFileType = file.storyboard; name = Base; path = Base.lproj/Main.storyboard; sourceTree = "<group>"; };
		A20EAAAF225B3AD00067A9BD /* Assets.xcassets */ = {isa = PBXFileReference; lastKnownFileType = folder.assetcatalog; path = Assets.xcassets; sourceTree = "<group>"; };
		A20EAAB2225B3AD00067A9BD /* Base */ = {isa = PBXFileReference; lastKnownFileType = file.storyboard; name = Base; path = Base.lproj/LaunchScreen.storyboard; sourceTree = "<group>"; };
		A20EAAB4225B3AD00067A9BD /* Info.plist */ = {isa = PBXFileReference; lastKnownFileType = text.plist.xml; path = Info.plist; sourceTree = "<group>"; };
/* End PBXFileReference section */

/* Begin PBXFrameworksBuildPhase section */
		A20EAAA2225B3ACF0067A9BD /* Frameworks */ = {
			isa = PBXFrameworksBuildPhase;
			buildActionMask = 2147483647;
			files = (
			);
			runOnlyForDeploymentPostprocessing = 0;
		};
/* End PBXFrameworksBuildPhase section */

/* Begin PBXGroup section */
		A20EAA9C225B3ACF0067A9BD = {
			isa = PBXGroup;
			children = (
				A20EAAA7225B3ACF0067A9BD /* hotspotChatroom */,
				A20EAAA6225B3ACF0067A9BD /* Products */,
			);
			sourceTree = "<group>";
		};
		A20EAAA6225B3ACF0067A9BD /* Products */ = {
			isa = PBXGroup;
			children = (
				A20EAAA5225B3ACF0067A9BD /* hotspotChatroom.app */,
			);
			name = Products;
			sourceTree = "<group>";
		};
		A20EAAA7225B3ACF0067A9BD /* hotspotChatroom */ = {
			isa = PBXGroup;
			children = (
				A20EAAA8225B3ACF0067A9BD /* AppDelegate.swift */,
				A20EAAAA225B3ACF0067A9BD /* ViewController.swift */,
				A20EAAAC225B3ACF0067A9BD /* Main.storyboard */,
				A20EAAAF225B3AD00067A9BD /* Assets.xcassets */,
				A20EAAB1225B3AD00067A9BD /* LaunchScreen.storyboard */,
				A20EAAB4225B3AD00067A9BD /* Info.plist */,
			);
			path = hotspotChatroom;
			sourceTree = "<group>";
		};
/* End PBXGroup section */

/* Begin PBXNativeTarget section */
		A20EAAA4225B3ACF0067A9BD /* hotspotChatroom */ = {
			isa = PBXNativeTarget;
			buildConfigurationList = A20EAAB7225B3AD00067A9BD /* Build configuration list for PBXNativeTarget "hotspotChatroom" */;
			buildPhases = (
				A20EAAA1225B3ACF0067A9BD /* Sources */,
				A20EAAA2225B3ACF0067A9BD /* Frameworks */,
				A20EAAA3225B3ACF0067A9BD /* Resources */,
			);
			buildRules = (
			);
			dependencies = (
			);
			name = hotspotChatroom;
			productName = hotspotChatroom;
			productReference = A20EAAA5225B3ACF0067A9BD /* hotspotChatroom.app */;
			productType = "com.apple.product-type.application";
		};
/* End PBXNativeTarget section */

/* Begin PBXProject section */
		A20EAA9D225B3ACF0067A9BD /* Project object */ = {
			isa = PBXProject;
			attributes = {
				LastSwiftUpdateCheck = 1010;
				LastUpgradeCheck = 1010;
				ORGANIZATIONNAME = "Jens Sellén";
				TargetAttributes = {
					A20EAAA4225B3ACF0067A9BD = {
						CreatedOnToolsVersion = 10.1;
					};
				};
			};
			buildConfigurationList = A20EAAA0225B3ACF0067A9BD /* Build configuration list for PBXProject "hotspotChatroom" */;
			compatibilityVersion = "Xcode 9.3";
			developmentRegion = en;
			hasScannedForEncodings = 0;
			knownRegions = (
				en,
				Base,
			);
			mainGroup = A20EAA9C225B3ACF0067A9BD;
			productRefGroup = A20EAAA6225B3ACF0067A9BD /* Products */;
			projectDirPath = "";
			projectRoot = "";
			targets = (
				A20EAAA4225B3ACF0067A9BD /* hotspotChatroom */,
			);
		};
/* End PBXProject section */

/* Begin PBXResourcesBuildPhase section */
		A20EAAA3225B3ACF0067A9BD /* Resources */ = {
			isa = PBXResourcesBuildPhase;
			buildActionMask = 2147483647;
			files = (
				A20EAAB3225B3AD00067A9BD /* LaunchScreen.storyboard in Resources */,
				A20EAAB0225B3AD00067A9BD /* Assets.xcassets in Resources */,
				A20EAAAE225B3ACF0067A9BD /* Main.storyboard in Resources */,
			);
			runOnlyForDeploymentPostprocessing = 0;
		};
/* End PBXResourcesBuildPhase section */

/* Begin PBXSourcesBuildPhase section */
		A20EAAA1225B3ACF0067A9BD /* Sources */ = {
			isa = PBXSourcesBuildPhase;
			buildActionMask = 2147483647;
			files = (
				A20EAAAB225B3ACF0067A9BD /* ViewController.swift in Sources */,
				A20EAAA9225B3ACF0067A9BD /* AppDelegate.swift in Sources */,
			);
			runOnlyForDeploymentPostprocessing = 0;
		};
/* End PBXSourcesBuildPhase section */

/* Begin PBXVariantGroup section */
		A20EAAAC225B3ACF0067A9BD /* Main.storyboard */ = {
			isa = PBXVariantGroup;
			children = (
				A20EAAAD225B3ACF0067A9BD /* Base */,
			);
			name = Main.storyboard;
			sourceTree = "<group>";
		};
		A20EAAB1225B3AD00067A9BD /* LaunchScreen.storyboard */ = {
			isa = PBXVariantGroup;
			children = (
				A20EAAB2225B3AD00067A9BD /* Base */,
			);
			name = LaunchScreen.storyboard;
			sourceTree = "<group>";
		};
/* End PBXVariantGroup section */

/* Begin XCBuildConfiguration section */
		A20EAAB5225B3AD00067A9BD /* Debug */ = {
			isa = XCBuildConfiguration;
			buildSettings = {
				ALWAYS_SEARCH_USER_PATHS = NO;
				CLANG_ANALYZER_NONNULL = YES;
				CLANG_ANALYZER_NUMBER_OBJECT_CONVERSION = YES_AGGRESSIVE;
				CLANG_CXX_LANGUAGE_STANDARD = "gnu++14";
				CLANG_CXX_LIBRARY = "libc++";
				CLANG_ENABLE_MODULES = YES;
				CLANG_ENABLE_OBJC_ARC = YES;
				CLANG_ENABLE_OBJC_WEAK = YES;
				CLANG_WARN_BLOCK_CAPTURE_AUTORELEASING = YES;
				CLANG_WARN_BOOL_CONVERSION = YES;
				CLANG_WARN_COMMA = YES;
				CLANG_WARN_CONSTANT_CONVERSION = YES;
				CLANG_WARN_DEPRECATED_OBJC_IMPLEMENTATIONS = YES;
				CLANG_WARN_DIRECT_OBJC_ISA_USAGE = YES_ERROR;
				CLANG_WARN_DOCUMENTATION_COMMENTS = YES;
				CLANG_WARN_EMPTY_BODY = YES;
				CLANG_WARN_ENUM_CONVERSION = YES;
				CLANG_WARN_INFINITE_RECURSION = YES;
				CLANG_WARN_INT_CONVERSION = YES;
				CLANG_WARN_NON_LITERAL_NULL_CONVERSION = YES;
				CLANG_WARN_OBJC_IMPLICIT_RETAIN_SELF = YES;
				CLANG_WARN_OBJC_LITERAL_CONVERSION = YES;
				CLANG_WARN_OBJC_ROOT_CLASS = YES_ERROR;
				CLANG_WARN_RANGE_LOOP_ANALYSIS = YES;
				CLANG_WARN_STRICT_PROTOTYPES = YES;
				CLANG_WARN_SUSPICIOUS_MOVE = YES;
				CLANG_WARN_UNGUARDED_AVAILABILITY = YES_AGGRESSIVE;
				CLANG_WARN_UNREACHABLE_CODE = YES;
				CLANG_WARN__DUPLICATE_METHOD_MATCH = YES;
				CODE_SIGN_IDENTITY = "iPhone Developer";
				COPY_PHASE_STRIP = NO;
				DEBUG_INFORMATION_FORMAT = dwarf;
				ENABLE_STRICT_OBJC_MSGSEND = YES;
				ENABLE_TESTABILITY = YES;
				GCC_C_LANGUAGE_STANDARD = gnu11;
				GCC_DYNAMIC_NO_PIC = NO;
				GCC_NO_COMMON_BLOCKS = YES;
				GCC_OPTIMIZATION_LEVEL = 0;
				GCC_PREPROCESSOR_DEFINITIONS = (
					"DEBUG=1",
					"$(inherited)",
				);
				GCC_WARN_64_TO_32_BIT_CONVERSION = YES;
				GCC_WARN_ABOUT_RETURN_TYPE = YES_ERROR;
				GCC_WARN_UNDECLARED_SELECTOR = YES;
				GCC_WARN_UNINITIALIZED_AUTOS = YES_AGGRESSIVE;
				GCC_WARN_UNUSED_FUNCTION = YES;
				GCC_WARN_UNUSED_VARIABLE = YES;
				IPHONEOS_DEPLOYMENT_TARGET = 12.1;
				MTL_ENABLE_DEBUG_INFO = INCLUDE_SOURCE;
				MTL_FAST_MATH = YES;
				ONLY_ACTIVE_ARCH = YES;
				SDKROOT = iphoneos;
				SWIFT_ACTIVE_COMPILATION_CONDITIONS = DEBUG;
				SWIFT_OPTIMIZATION_LEVEL = "-Onone";
			};
			name = Debug;
		};
		A20EAAB6225B3AD00067A9BD /* Release */ = {
			isa = XCBuildConfiguration;
			buildSettings = {
				ALWAYS_SEARCH_USER_PATHS = NO;
				CLANG_ANALYZER_NONNULL = YES;
				CLANG_ANALYZER_NUMBER_OBJECT_CONVERSION = YES_AGGRESSIVE;
				CLANG_CXX_LANGUAGE_STANDARD = "gnu++14";
				CLANG_CXX_LIBRARY = "libc++";
				CLANG_ENABLE_MODULES = YES;
				CLANG_ENABLE_OBJC_ARC = YES;
				CLANG_ENABLE_OBJC_WEAK = YES;
				CLANG_WARN_BLOCK_CAPTURE_AUTORELEASING = YES;
				CLANG_WARN_BOOL_CONVERSION = YES;
				CLANG_WARN_COMMA = YES;
				CLANG_WARN_CONSTANT_CONVERSION = YES;
				CLANG_WARN_DEPRECATED_OBJC_IMPLEMENTATIONS = YES;
				CLANG_WARN_DIRECT_OBJC_ISA_USAGE = YES_ERROR;
				CLANG_WARN_DOCUMENTATION_COMMENTS = YES;
				CLANG_WARN_EMPTY_BODY = YES;
				CLANG_WARN_ENUM_CONVERSION = YES;
				CLANG_WARN_INFINITE_RECURSION = YES;
				CLANG_WARN_INT_CONVERSION = YES;
				CLANG_WARN_NON_LITERAL_NULL_CONVERSION = YES;
				CLANG_WARN_OBJC_IMPLICIT_RETAIN_SELF = YES;
				CLANG_WARN_OBJC_LITERAL_CONVERSION = YES;
				CLANG_WARN_OBJC_ROOT_CLASS = YES_ERROR;
				CLANG_WARN_RANGE_LOOP_ANALYSIS = YES;
				CLANG_WARN_STRICT_PROTOTYPES = YES;
				CLANG_WARN_SUSPICIOUS_MOVE = YES;
				CLANG_WARN_UNGUARDED_AVAILABILITY = YES_AGGRESSIVE;
				CLANG_WARN_UNREACHABLE_CODE = YES;
				CLANG_WARN__DUPLICATE_METHOD_MATCH = YES;
				CODE_SIGN_IDENTITY = "iPhone Developer";
				COPY_PHASE_STRIP = NO;
				DEBUG_INFORMATION_FORMAT = "dwarf-with-dsym";
				ENABLE_NS_ASSERTIONS = NO;
				ENABLE_STRICT_OBJC_MSGSEND = YES;
				GCC_C_LANGUAGE_STANDARD = gnu11;
				GCC_NO_COMMON_BLOCKS = YES;
				GCC_WARN_64_TO_32_BIT_CONVERSION = YES;
				GCC_WARN_ABOUT_RETURN_TYPE = YES_ERROR;
				GCC_WARN_UNDECLARED_SELECTOR = YES;
				GCC_WARN_UNINITIALIZED_AUTOS = YES_AGGRESSIVE;
				GCC_WARN_UNUSED_FUNCTION = YES;
				GCC_WARN_UNUSED_VARIABLE = YES;
				IPHONEOS_DEPLOYMENT_TARGET = 12.1;
				MTL_ENABLE_DEBUG_INFO = NO;
				MTL_FAST_MATH = YES;
				SDKROOT = iphoneos;
				SWIFT_COMPILATION_MODE = wholemodule;
				SWIFT_OPTIMIZATION_LEVEL = "-O";
				VALIDATE_PRODUCT = YES;
			};
			name = Release;
		};
		A20EAAB8225B3AD00067A9BD /* Debug */ = {
			isa = XCBuildConfiguration;
			buildSettings = {
				ASSETCATALOG_COMPILER_APPICON_NAME = AppIcon;
				CODE_SIGN_STYLE = Automatic;
				INFOPLIST_FILE = hotspotChatroom/Info.plist;
				LD_RUNPATH_SEARCH_PATHS = (
					"$(inherited)",
					"@executable_path/Frameworks",
				);
				PRODUCT_BUNDLE_IDENTIFIER = jenssellen.com.hotspotChatroom;
				PRODUCT_NAME = "$(TARGET_NAME)";
				SWIFT_VERSION = 4.2;
				TARGETED_DEVICE_FAMILY = "1,2";
			};
			name = Debug;
		};
		A20EAAB9225B3AD00067A9BD /* Release */ = {
			isa = XCBuildConfiguration;
			buildSettings = {
				ASSETCATALOG_COMPILER_APPICON_NAME = AppIcon;
				CODE_SIGN_STYLE = Automatic;
				INFOPLIST_FILE = hotspotChatroom/Info.plist;
				LD_RUNPATH_SEARCH_PATHS = (
					"$(inherited)",
					"@executable_path/Frameworks",
				);
				PRODUCT_BUNDLE_IDENTIFIER = jenssellen.com.hotspotChatroom;
				PRODUCT_NAME = "$(TARGET_NAME)";
				SWIFT_VERSION = 4.2;
				TARGETED_DEVICE_FAMILY = "1,2";
			};
			name = Release;
		};
/* End XCBuildConfiguration section */

/* Begin XCConfigurationList section */
		A20EAAA0225B3ACF0067A9BD /* Build configuration list for PBXProject "hotspotChatroom" */ = {
			isa = XCConfigurationList;
			buildConfigurations = (
				A20EAAB5225B3AD00067A9BD /* Debug */,
				A20EAAB6225B3AD00067A9BD /* Release */,
			);
			defaultConfigurationIsVisible = 0;
			defaultConfigurationName = Release;
		};
		A20EAAB7225B3AD00067A9BD /* Build configuration list for PBXNativeTarget "hotspotChatroom" */ = {
			isa = XCConfigurationList;
			buildConfigurations = (
				A20EAAB8225B3AD00067A9BD /* Debug */,
				A20EAAB9225B3AD00067A9BD /* Release */,
			);
			defaultConfigurationIsVisible = 0;
			defaultConfigurationName = Release;
		};
/* End XCConfigurationList section */
	};
	rootObject = A20EAA9D225B3ACF0067A9BD /* Project object */;
}
