// !$*UTF8*$!
{
	archiveVersion = 1;
	classes = {
	};
	objectVersion = 50;
	objects = {

/* Begin PBXBuildFile section */
		63557FA5738BCB504B7BD2D6 /* Pods_hotspotChatroom.framework in Frameworks */ = {isa = PBXBuildFile; fileRef = 56A3785741CCF764F0E34D2B /* Pods_hotspotChatroom.framework */; };
		A20EAAA9225B3ACF0067A9BD /* AppDelegate.swift in Sources */ = {isa = PBXBuildFile; fileRef = A20EAAA8225B3ACF0067A9BD /* AppDelegate.swift */; };
		A20EAAAE225B3ACF0067A9BD /* Main.storyboard in Resources */ = {isa = PBXBuildFile; fileRef = A20EAAAC225B3ACF0067A9BD /* Main.storyboard */; };
		A20EAAB0225B3AD00067A9BD /* Assets.xcassets in Resources */ = {isa = PBXBuildFile; fileRef = A20EAAAF225B3AD00067A9BD /* Assets.xcassets */; };
		A20EAAB3225B3AD00067A9BD /* LaunchScreen.storyboard in Resources */ = {isa = PBXBuildFile; fileRef = A20EAAB1225B3AD00067A9BD /* LaunchScreen.storyboard */; };
		A20EAABB225B3B590067A9BD /* GoogleService-Info.plist in Resources */ = {isa = PBXBuildFile; fileRef = A20EAABA225B3B590067A9BD /* GoogleService-Info.plist */; };
		A214CEB222707F7800A94C44 /* ChatViewController.swift in Sources */ = {isa = PBXBuildFile; fileRef = A214CEB122707F7800A94C44 /* ChatViewController.swift */; };
		A214F6B12273690E00E010F0 /* SentMessageTableViewCell.swift in Sources */ = {isa = PBXBuildFile; fileRef = A214F6B02273690E00E010F0 /* SentMessageTableViewCell.swift */; };
		A214F6B32273693300E010F0 /* ReceivedMessageTableViewCell.swift in Sources */ = {isa = PBXBuildFile; fileRef = A214F6B22273693300E010F0 /* ReceivedMessageTableViewCell.swift */; };
		A2815372225E1E7E00D3BA3C /* SignInViewController.swift in Sources */ = {isa = PBXBuildFile; fileRef = A2815371225E1E7E00D3BA3C /* SignInViewController.swift */; };
		A2815374225E1E8E00D3BA3C /* SignUpViewController.swift in Sources */ = {isa = PBXBuildFile; fileRef = A2815373225E1E8E00D3BA3C /* SignUpViewController.swift */; };
		A281537B225E215200D3BA3C /* User.swift in Sources */ = {isa = PBXBuildFile; fileRef = A281537A225E215200D3BA3C /* User.swift */; };
		A281537D225F208700D3BA3C /* LogInHelper.swift in Sources */ = {isa = PBXBuildFile; fileRef = A281537C225F208700D3BA3C /* LogInHelper.swift */; };
		A281537F225F210E00D3BA3C /* FirestoreHelper.swift in Sources */ = {isa = PBXBuildFile; fileRef = A281537E225F210E00D3BA3C /* FirestoreHelper.swift */; };
		A28153A3225F5C2000D3BA3C /* Alert.swift in Sources */ = {isa = PBXBuildFile; fileRef = A28153A2225F5C2000D3BA3C /* Alert.swift */; };
		A28153A7225FE61800D3BA3C /* ProfileViewController.swift in Sources */ = {isa = PBXBuildFile; fileRef = A28153A6225FE61800D3BA3C /* ProfileViewController.swift */; };
		A28153A922609FFE00D3BA3C /* SignIn.storyboard in Resources */ = {isa = PBXBuildFile; fileRef = A28153A822609FFE00D3BA3C /* SignIn.storyboard */; };
		A28153AD2260A38700D3BA3C /* ChatroomTableViewController.swift in Sources */ = {isa = PBXBuildFile; fileRef = A28153AC2260A38700D3BA3C /* ChatroomTableViewController.swift */; };
		A28153B1226B484D00D3BA3C /* Chatroom.swift in Sources */ = {isa = PBXBuildFile; fileRef = A28153B0226B484D00D3BA3C /* Chatroom.swift */; };
		A28153B4226B4FB700D3BA3C /* ChatroomTableViewCell.swift in Sources */ = {isa = PBXBuildFile; fileRef = A28153B3226B4FB700D3BA3C /* ChatroomTableViewCell.swift */; };
		A28153B6226F0A0200D3BA3C /* Message.swift in Sources */ = {isa = PBXBuildFile; fileRef = A28153B5226F0A0200D3BA3C /* Message.swift */; };
		A2FE3CEB2273BD4E00008B9D /* CurrentUserHandler.swift in Sources */ = {isa = PBXBuildFile; fileRef = A2FE3CEA2273BD4E00008B9D /* CurrentUserHandler.swift */; };
		A2FE3CEF227887FE00008B9D /* CustomWideButton.swift in Sources */ = {isa = PBXBuildFile; fileRef = A2FE3CEE227887FE00008B9D /* CustomWideButton.swift */; };
		A2FE3CF12278883E00008B9D /* CustomSignInTextField.swift in Sources */ = {isa = PBXBuildFile; fileRef = A2FE3CF02278883E00008B9D /* CustomSignInTextField.swift */; };
/* End PBXBuildFile section */

/* Begin PBXFileReference section */
		4078C80C2BAF59BE986A6D37 /* Pods-hotspotChatroom.debug.xcconfig */ = {isa = PBXFileReference; includeInIndex = 1; lastKnownFileType = text.xcconfig; name = "Pods-hotspotChatroom.debug.xcconfig"; path = "Target Support Files/Pods-hotspotChatroom/Pods-hotspotChatroom.debug.xcconfig"; sourceTree = "<group>"; };
		56A3785741CCF764F0E34D2B /* Pods_hotspotChatroom.framework */ = {isa = PBXFileReference; explicitFileType = wrapper.framework; includeInIndex = 0; path = Pods_hotspotChatroom.framework; sourceTree = BUILT_PRODUCTS_DIR; };
		A20EAAA5225B3ACF0067A9BD /* hotspotChatroom.app */ = {isa = PBXFileReference; explicitFileType = wrapper.application; includeInIndex = 0; path = hotspotChatroom.app; sourceTree = BUILT_PRODUCTS_DIR; };
		A20EAAA8225B3ACF0067A9BD /* AppDelegate.swift */ = {isa = PBXFileReference; lastKnownFileType = sourcecode.swift; path = AppDelegate.swift; sourceTree = "<group>"; };
		A20EAAAD225B3ACF0067A9BD /* Base */ = {isa = PBXFileReference; lastKnownFileType = file.storyboard; name = Base; path = Base.lproj/Main.storyboard; sourceTree = "<group>"; };
		A20EAAAF225B3AD00067A9BD /* Assets.xcassets */ = {isa = PBXFileReference; lastKnownFileType = folder.assetcatalog; path = Assets.xcassets; sourceTree = "<group>"; };
		A20EAAB2225B3AD00067A9BD /* Base */ = {isa = PBXFileReference; lastKnownFileType = file.storyboard; name = Base; path = Base.lproj/LaunchScreen.storyboard; sourceTree = "<group>"; };
		A20EAAB4225B3AD00067A9BD /* Info.plist */ = {isa = PBXFileReference; lastKnownFileType = text.plist.xml; path = Info.plist; sourceTree = "<group>"; };
		A20EAABA225B3B590067A9BD /* GoogleService-Info.plist */ = {isa = PBXFileReference; fileEncoding = 4; lastKnownFileType = text.plist.xml; path = "GoogleService-Info.plist"; sourceTree = "<group>"; };
		A214CEB122707F7800A94C44 /* ChatViewController.swift */ = {isa = PBXFileReference; lastKnownFileType = sourcecode.swift; path = ChatViewController.swift; sourceTree = "<group>"; };
		A214F6B02273690E00E010F0 /* SentMessageTableViewCell.swift */ = {isa = PBXFileReference; lastKnownFileType = sourcecode.swift; path = SentMessageTableViewCell.swift; sourceTree = "<group>"; };
		A214F6B22273693300E010F0 /* ReceivedMessageTableViewCell.swift */ = {isa = PBXFileReference; lastKnownFileType = sourcecode.swift; path = ReceivedMessageTableViewCell.swift; sourceTree = "<group>"; };
		A2815371225E1E7E00D3BA3C /* SignInViewController.swift */ = {isa = PBXFileReference; lastKnownFileType = sourcecode.swift; path = SignInViewController.swift; sourceTree = "<group>"; };
		A2815373225E1E8E00D3BA3C /* SignUpViewController.swift */ = {isa = PBXFileReference; lastKnownFileType = sourcecode.swift; path = SignUpViewController.swift; sourceTree = "<group>"; };
		A281537A225E215200D3BA3C /* User.swift */ = {isa = PBXFileReference; lastKnownFileType = sourcecode.swift; path = User.swift; sourceTree = "<group>"; };
		A281537C225F208700D3BA3C /* LogInHelper.swift */ = {isa = PBXFileReference; lastKnownFileType = sourcecode.swift; path = LogInHelper.swift; sourceTree = "<group>"; };
		A281537E225F210E00D3BA3C /* FirestoreHelper.swift */ = {isa = PBXFileReference; lastKnownFileType = sourcecode.swift; path = FirestoreHelper.swift; sourceTree = "<group>"; };
		A28153A2225F5C2000D3BA3C /* Alert.swift */ = {isa = PBXFileReference; fileEncoding = 4; lastKnownFileType = sourcecode.swift; path = Alert.swift; sourceTree = "<group>"; };
		A28153A6225FE61800D3BA3C /* ProfileViewController.swift */ = {isa = PBXFileReference; lastKnownFileType = sourcecode.swift; path = ProfileViewController.swift; sourceTree = "<group>"; };
		A28153A822609FFE00D3BA3C /* SignIn.storyboard */ = {isa = PBXFileReference; lastKnownFileType = file.storyboard; path = SignIn.storyboard; sourceTree = "<group>"; };
		A28153AC2260A38700D3BA3C /* ChatroomTableViewController.swift */ = {isa = PBXFileReference; lastKnownFileType = sourcecode.swift; path = ChatroomTableViewController.swift; sourceTree = "<group>"; };
		A28153B0226B484D00D3BA3C /* Chatroom.swift */ = {isa = PBXFileReference; lastKnownFileType = sourcecode.swift; path = Chatroom.swift; sourceTree = "<group>"; };
		A28153B3226B4FB700D3BA3C /* ChatroomTableViewCell.swift */ = {isa = PBXFileReference; lastKnownFileType = sourcecode.swift; path = ChatroomTableViewCell.swift; sourceTree = "<group>"; };
		A28153B5226F0A0200D3BA3C /* Message.swift */ = {isa = PBXFileReference; lastKnownFileType = sourcecode.swift; path = Message.swift; sourceTree = "<group>"; };
		A2FE3CEA2273BD4E00008B9D /* CurrentUserHandler.swift */ = {isa = PBXFileReference; lastKnownFileType = sourcecode.swift; path = CurrentUserHandler.swift; sourceTree = "<group>"; };
		A2FE3CEE227887FE00008B9D /* CustomWideButton.swift */ = {isa = PBXFileReference; lastKnownFileType = sourcecode.swift; path = CustomWideButton.swift; sourceTree = "<group>"; };
		A2FE3CF02278883E00008B9D /* CustomSignInTextField.swift */ = {isa = PBXFileReference; lastKnownFileType = sourcecode.swift; path = CustomSignInTextField.swift; sourceTree = "<group>"; };
		E00683892074D6499104B5EA /* Pods-hotspotChatroom.release.xcconfig */ = {isa = PBXFileReference; includeInIndex = 1; lastKnownFileType = text.xcconfig; name = "Pods-hotspotChatroom.release.xcconfig"; path = "Target Support Files/Pods-hotspotChatroom/Pods-hotspotChatroom.release.xcconfig"; sourceTree = "<group>"; };
/* End PBXFileReference section */

/* Begin PBXFrameworksBuildPhase section */
		A20EAAA2225B3ACF0067A9BD /* Frameworks */ = {
			isa = PBXFrameworksBuildPhase;
			buildActionMask = 2147483647;
			files = (
				63557FA5738BCB504B7BD2D6 /* Pods_hotspotChatroom.framework in Frameworks */,
			);
			runOnlyForDeploymentPostprocessing = 0;
		};
/* End PBXFrameworksBuildPhase section */

/* Begin PBXGroup section */
		A20EAA9C225B3ACF0067A9BD = {
			isa = PBXGroup;
			children = (
				A20EAAA7225B3ACF0067A9BD /* hotspotChatroom */,
				A20EAAA6225B3ACF0067A9BD /* Products */,
				D99ED9392A4697062454ED4C /* Pods */,
				B3C65C9DA5E8C9F66F7DF38A /* Frameworks */,
			);
			sourceTree = "<group>";
		};
		A20EAAA6225B3ACF0067A9BD /* Products */ = {
			isa = PBXGroup;
			children = (
				A20EAAA5225B3ACF0067A9BD /* hotspotChatroom.app */,
			);
			name = Products;
			sourceTree = "<group>";
		};
		A20EAAA7225B3ACF0067A9BD /* hotspotChatroom */ = {
			isa = PBXGroup;
			children = (
				A2815379225E214200D3BA3C /* Models */,
				A281536F225E1DD200D3BA3C /* Storyboards */,
				A2815370225E1E2800D3BA3C /* Database */,
				A281536E225E1DBB00D3BA3C /* Viewcontrollers */,
				A28153B2226B4F5500D3BA3C /* TableViewCells */,
				A2FE3CED227887A000008B9D /* Custom Design */,
				A20EAAA8225B3ACF0067A9BD /* AppDelegate.swift */,
				A20EAAAF225B3AD00067A9BD /* Assets.xcassets */,
				A20EAAB4225B3AD00067A9BD /* Info.plist */,
				A20EAABA225B3B590067A9BD /* GoogleService-Info.plist */,
			);
			path = hotspotChatroom;
			sourceTree = "<group>";
		};
		A281536E225E1DBB00D3BA3C /* Viewcontrollers */ = {
			isa = PBXGroup;
			children = (
				A2815371225E1E7E00D3BA3C /* SignInViewController.swift */,
				A2815373225E1E8E00D3BA3C /* SignUpViewController.swift */,
				A28153A6225FE61800D3BA3C /* ProfileViewController.swift */,
				A28153AC2260A38700D3BA3C /* ChatroomTableViewController.swift */,
				A214CEB122707F7800A94C44 /* ChatViewController.swift */,
			);
			path = Viewcontrollers;
			sourceTree = "<group>";
		};
		A281536F225E1DD200D3BA3C /* Storyboards */ = {
			isa = PBXGroup;
			children = (
				A20EAAAC225B3ACF0067A9BD /* Main.storyboard */,
				A20EAAB1225B3AD00067A9BD /* LaunchScreen.storyboard */,
				A28153A822609FFE00D3BA3C /* SignIn.storyboard */,
			);
			path = Storyboards;
			sourceTree = "<group>";
		};
		A2815370225E1E2800D3BA3C /* Database */ = {
			isa = PBXGroup;
			children = (
				A281537C225F208700D3BA3C /* LogInHelper.swift */,
				A281537E225F210E00D3BA3C /* FirestoreHelper.swift */,
				A2FE3CEA2273BD4E00008B9D /* CurrentUserHandler.swift */,
			);
			path = Database;
			sourceTree = "<group>";
		};
		A2815379225E214200D3BA3C /* Models */ = {
			isa = PBXGroup;
			children = (
				A281537A225E215200D3BA3C /* User.swift */,
				A28153A2225F5C2000D3BA3C /* Alert.swift */,
				A28153B0226B484D00D3BA3C /* Chatroom.swift */,
				A28153B5226F0A0200D3BA3C /* Message.swift */,
			);
			path = Models;
			sourceTree = "<group>";
		};
		A28153B2226B4F5500D3BA3C /* TableViewCells */ = {
			isa = PBXGroup;
			children = (
				A28153B3226B4FB700D3BA3C /* ChatroomTableViewCell.swift */,
				A214F6B02273690E00E010F0 /* SentMessageTableViewCell.swift */,
				A214F6B22273693300E010F0 /* ReceivedMessageTableViewCell.swift */,
			);
			path = TableViewCells;
			sourceTree = "<group>";
		};
		A2FE3CED227887A000008B9D /* Custom Design */ = {
			isa = PBXGroup;
			children = (
				A2FE3CEE227887FE00008B9D /* CustomWideButton.swift */,
				A2FE3CF02278883E00008B9D /* CustomSignInTextField.swift */,
			);
			path = "Custom Design";
			sourceTree = "<group>";
		};
		B3C65C9DA5E8C9F66F7DF38A /* Frameworks */ = {
			isa = PBXGroup;
			children = (
				56A3785741CCF764F0E34D2B /* Pods_hotspotChatroom.framework */,
			);
			name = Frameworks;
			sourceTree = "<group>";
		};
		D99ED9392A4697062454ED4C /* Pods */ = {
			isa = PBXGroup;
			children = (
				4078C80C2BAF59BE986A6D37 /* Pods-hotspotChatroom.debug.xcconfig */,
				E00683892074D6499104B5EA /* Pods-hotspotChatroom.release.xcconfig */,
			);
			path = Pods;
			sourceTree = "<group>";
		};
/* End PBXGroup section */

/* Begin PBXNativeTarget section */
		A20EAAA4225B3ACF0067A9BD /* hotspotChatroom */ = {
			isa = PBXNativeTarget;
			buildConfigurationList = A20EAAB7225B3AD00067A9BD /* Build configuration list for PBXNativeTarget "hotspotChatroom" */;
			buildPhases = (
				EA1416D36DCBE4620B8EDC8E /* [CP] Check Pods Manifest.lock */,
				A20EAAA1225B3ACF0067A9BD /* Sources */,
				A20EAAA2225B3ACF0067A9BD /* Frameworks */,
				A20EAAA3225B3ACF0067A9BD /* Resources */,
				5D9CB9FAEFF31556FF5AA2B6 /* [CP] Embed Pods Frameworks */,
			);
			buildRules = (
			);
			dependencies = (
			);
			name = hotspotChatroom;
			productName = hotspotChatroom;
			productReference = A20EAAA5225B3ACF0067A9BD /* hotspotChatroom.app */;
			productType = "com.apple.product-type.application";
		};
/* End PBXNativeTarget section */

/* Begin PBXProject section */
		A20EAA9D225B3ACF0067A9BD /* Project object */ = {
			isa = PBXProject;
			attributes = {
				LastSwiftUpdateCheck = 1010;
				LastUpgradeCheck = 1010;
				ORGANIZATIONNAME = "Jens Sellén";
				TargetAttributes = {
					A20EAAA4225B3ACF0067A9BD = {
						CreatedOnToolsVersion = 10.1;
					};
				};
			};
			buildConfigurationList = A20EAAA0225B3ACF0067A9BD /* Build configuration list for PBXProject "hotspotChatroom" */;
			compatibilityVersion = "Xcode 9.3";
			developmentRegion = en;
			hasScannedForEncodings = 0;
			knownRegions = (
				en,
				Base,
			);
			mainGroup = A20EAA9C225B3ACF0067A9BD;
			productRefGroup = A20EAAA6225B3ACF0067A9BD /* Products */;
			projectDirPath = "";
			projectRoot = "";
			targets = (
				A20EAAA4225B3ACF0067A9BD /* hotspotChatroom */,
			);
		};
/* End PBXProject section */

/* Begin PBXResourcesBuildPhase section */
		A20EAAA3225B3ACF0067A9BD /* Resources */ = {
			isa = PBXResourcesBuildPhase;
			buildActionMask = 2147483647;
			files = (
				A20EAAB3225B3AD00067A9BD /* LaunchScreen.storyboard in Resources */,
				A28153A922609FFE00D3BA3C /* SignIn.storyboard in Resources */,
				A20EAABB225B3B590067A9BD /* GoogleService-Info.plist in Resources */,
				A20EAAB0225B3AD00067A9BD /* Assets.xcassets in Resources */,
				A20EAAAE225B3ACF0067A9BD /* Main.storyboard in Resources */,
			);
			runOnlyForDeploymentPostprocessing = 0;
		};
/* End PBXResourcesBuildPhase section */

/* Begin PBXShellScriptBuildPhase section */
		5D9CB9FAEFF31556FF5AA2B6 /* [CP] Embed Pods Frameworks */ = {
			isa = PBXShellScriptBuildPhase;
			buildActionMask = 2147483647;
			files = (
			);
			inputFileListPaths = (
			);
			inputPaths = (
				"${PODS_ROOT}/Target Support Files/Pods-hotspotChatroom/Pods-hotspotChatroom-frameworks.sh",
				"${BUILT_PRODUCTS_DIR}/BoringSSL-GRPC/openssl_grpc.framework",
				"${BUILT_PRODUCTS_DIR}/GTMSessionFetcher/GTMSessionFetcher.framework",
				"${BUILT_PRODUCTS_DIR}/GoogleUtilities/GoogleUtilities.framework",
				"${BUILT_PRODUCTS_DIR}/Protobuf/Protobuf.framework",
				"${BUILT_PRODUCTS_DIR}/gRPC-C++/grpcpp.framework",
				"${BUILT_PRODUCTS_DIR}/gRPC-Core/grpc.framework",
				"${BUILT_PRODUCTS_DIR}/leveldb-library/leveldb.framework",
				"${BUILT_PRODUCTS_DIR}/nanopb/nanopb.framework",
			);
			name = "[CP] Embed Pods Frameworks";
			outputFileListPaths = (
			);
			outputPaths = (
				"${TARGET_BUILD_DIR}/${FRAMEWORKS_FOLDER_PATH}/openssl_grpc.framework",
				"${TARGET_BUILD_DIR}/${FRAMEWORKS_FOLDER_PATH}/GTMSessionFetcher.framework",
				"${TARGET_BUILD_DIR}/${FRAMEWORKS_FOLDER_PATH}/GoogleUtilities.framework",
				"${TARGET_BUILD_DIR}/${FRAMEWORKS_FOLDER_PATH}/Protobuf.framework",
				"${TARGET_BUILD_DIR}/${FRAMEWORKS_FOLDER_PATH}/grpcpp.framework",
				"${TARGET_BUILD_DIR}/${FRAMEWORKS_FOLDER_PATH}/grpc.framework",
				"${TARGET_BUILD_DIR}/${FRAMEWORKS_FOLDER_PATH}/leveldb.framework",
				"${TARGET_BUILD_DIR}/${FRAMEWORKS_FOLDER_PATH}/nanopb.framework",
			);
			runOnlyForDeploymentPostprocessing = 0;
			shellPath = /bin/sh;
			shellScript = "\"${PODS_ROOT}/Target Support Files/Pods-hotspotChatroom/Pods-hotspotChatroom-frameworks.sh\"\n";
			showEnvVarsInLog = 0;
		};
		EA1416D36DCBE4620B8EDC8E /* [CP] Check Pods Manifest.lock */ = {
			isa = PBXShellScriptBuildPhase;
			buildActionMask = 2147483647;
			files = (
			);
			inputFileListPaths = (
			);
			inputPaths = (
				"${PODS_PODFILE_DIR_PATH}/Podfile.lock",
				"${PODS_ROOT}/Manifest.lock",
			);
			name = "[CP] Check Pods Manifest.lock";
			outputFileListPaths = (
			);
			outputPaths = (
				"$(DERIVED_FILE_DIR)/Pods-hotspotChatroom-checkManifestLockResult.txt",
			);
			runOnlyForDeploymentPostprocessing = 0;
			shellPath = /bin/sh;
			shellScript = "diff \"${PODS_PODFILE_DIR_PATH}/Podfile.lock\" \"${PODS_ROOT}/Manifest.lock\" > /dev/null\nif [ $? != 0 ] ; then\n    # print error to STDERR\n    echo \"error: The sandbox is not in sync with the Podfile.lock. Run 'pod install' or update your CocoaPods installation.\" >&2\n    exit 1\nfi\n# This output is used by Xcode 'outputs' to avoid re-running this script phase.\necho \"SUCCESS\" > \"${SCRIPT_OUTPUT_FILE_0}\"\n";
			showEnvVarsInLog = 0;
		};
/* End PBXShellScriptBuildPhase section */

/* Begin PBXSourcesBuildPhase section */
		A20EAAA1225B3ACF0067A9BD /* Sources */ = {
			isa = PBXSourcesBuildPhase;
			buildActionMask = 2147483647;
			files = (
				A2815374225E1E8E00D3BA3C /* SignUpViewController.swift in Sources */,
				A281537B225E215200D3BA3C /* User.swift in Sources */,
				A2FE3CF12278883E00008B9D /* CustomSignInTextField.swift in Sources */,
				A28153AD2260A38700D3BA3C /* ChatroomTableViewController.swift in Sources */,
				A2FE3CEB2273BD4E00008B9D /* CurrentUserHandler.swift in Sources */,
				A2FE3CEF227887FE00008B9D /* CustomWideButton.swift in Sources */,
				A2815372225E1E7E00D3BA3C /* SignInViewController.swift in Sources */,
				A20EAAA9225B3ACF0067A9BD /* AppDelegate.swift in Sources */,
				A28153B1226B484D00D3BA3C /* Chatroom.swift in Sources */,
				A281537D225F208700D3BA3C /* LogInHelper.swift in Sources */,
				A281537F225F210E00D3BA3C /* FirestoreHelper.swift in Sources */,
				A214F6B12273690E00E010F0 /* SentMessageTableViewCell.swift in Sources */,
				A28153A7225FE61800D3BA3C /* ProfileViewController.swift in Sources */,
				A28153B6226F0A0200D3BA3C /* Message.swift in Sources */,
				A214CEB222707F7800A94C44 /* ChatViewController.swift in Sources */,
				A214F6B32273693300E010F0 /* ReceivedMessageTableViewCell.swift in Sources */,
				A28153A3225F5C2000D3BA3C /* Alert.swift in Sources */,
				A28153B4226B4FB700D3BA3C /* ChatroomTableViewCell.swift in Sources */,
			);
			runOnlyForDeploymentPostprocessing = 0;
		};
/* End PBXSourcesBuildPhase section */

/* Begin PBXVariantGroup section */
		A20EAAAC225B3ACF0067A9BD /* Main.storyboard */ = {
			isa = PBXVariantGroup;
			children = (
				A20EAAAD225B3ACF0067A9BD /* Base */,
			);
			name = Main.storyboard;
			sourceTree = "<group>";
		};
		A20EAAB1225B3AD00067A9BD /* LaunchScreen.storyboard */ = {
			isa = PBXVariantGroup;
			children = (
				A20EAAB2225B3AD00067A9BD /* Base */,
			);
			name = LaunchScreen.storyboard;
			sourceTree = "<group>";
		};
/* End PBXVariantGroup section */

/* Begin XCBuildConfiguration section */
		A20EAAB5225B3AD00067A9BD /* Debug */ = {
			isa = XCBuildConfiguration;
			buildSettings = {
				ALWAYS_SEARCH_USER_PATHS = NO;
				CLANG_ANALYZER_NONNULL = YES;
				CLANG_ANALYZER_NUMBER_OBJECT_CONVERSION = YES_AGGRESSIVE;
				CLANG_CXX_LANGUAGE_STANDARD = "gnu++14";
				CLANG_CXX_LIBRARY = "libc++";
				CLANG_ENABLE_MODULES = YES;
				CLANG_ENABLE_OBJC_ARC = YES;
				CLANG_ENABLE_OBJC_WEAK = YES;
				CLANG_WARN_BLOCK_CAPTURE_AUTORELEASING = YES;
				CLANG_WARN_BOOL_CONVERSION = YES;
				CLANG_WARN_COMMA = YES;
				CLANG_WARN_CONSTANT_CONVERSION = YES;
				CLANG_WARN_DEPRECATED_OBJC_IMPLEMENTATIONS = YES;
				CLANG_WARN_DIRECT_OBJC_ISA_USAGE = YES_ERROR;
				CLANG_WARN_DOCUMENTATION_COMMENTS = YES;
				CLANG_WARN_EMPTY_BODY = YES;
				CLANG_WARN_ENUM_CONVERSION = YES;
				CLANG_WARN_INFINITE_RECURSION = YES;
				CLANG_WARN_INT_CONVERSION = YES;
				CLANG_WARN_NON_LITERAL_NULL_CONVERSION = YES;
				CLANG_WARN_OBJC_IMPLICIT_RETAIN_SELF = YES;
				CLANG_WARN_OBJC_LITERAL_CONVERSION = YES;
				CLANG_WARN_OBJC_ROOT_CLASS = YES_ERROR;
				CLANG_WARN_RANGE_LOOP_ANALYSIS = YES;
				CLANG_WARN_STRICT_PROTOTYPES = YES;
				CLANG_WARN_SUSPICIOUS_MOVE = YES;
				CLANG_WARN_UNGUARDED_AVAILABILITY = YES_AGGRESSIVE;
				CLANG_WARN_UNREACHABLE_CODE = YES;
				CLANG_WARN__DUPLICATE_METHOD_MATCH = YES;
				CODE_SIGN_IDENTITY = "iPhone Developer";
				COPY_PHASE_STRIP = NO;
				DEBUG_INFORMATION_FORMAT = dwarf;
				ENABLE_STRICT_OBJC_MSGSEND = YES;
				ENABLE_TESTABILITY = YES;
				GCC_C_LANGUAGE_STANDARD = gnu11;
				GCC_DYNAMIC_NO_PIC = NO;
				GCC_NO_COMMON_BLOCKS = YES;
				GCC_OPTIMIZATION_LEVEL = 0;
				GCC_PREPROCESSOR_DEFINITIONS = (
					"DEBUG=1",
					"$(inherited)",
				);
				GCC_WARN_64_TO_32_BIT_CONVERSION = YES;
				GCC_WARN_ABOUT_RETURN_TYPE = YES_ERROR;
				GCC_WARN_UNDECLARED_SELECTOR = YES;
				GCC_WARN_UNINITIALIZED_AUTOS = YES_AGGRESSIVE;
				GCC_WARN_UNUSED_FUNCTION = YES;
				GCC_WARN_UNUSED_VARIABLE = YES;
				IPHONEOS_DEPLOYMENT_TARGET = 12.1;
				MTL_ENABLE_DEBUG_INFO = INCLUDE_SOURCE;
				MTL_FAST_MATH = YES;
				ONLY_ACTIVE_ARCH = YES;
				SDKROOT = iphoneos;
				SWIFT_ACTIVE_COMPILATION_CONDITIONS = DEBUG;
				SWIFT_OPTIMIZATION_LEVEL = "-Onone";
			};
			name = Debug;
		};
		A20EAAB6225B3AD00067A9BD /* Release */ = {
			isa = XCBuildConfiguration;
			buildSettings = {
				ALWAYS_SEARCH_USER_PATHS = NO;
				CLANG_ANALYZER_NONNULL = YES;
				CLANG_ANALYZER_NUMBER_OBJECT_CONVERSION = YES_AGGRESSIVE;
				CLANG_CXX_LANGUAGE_STANDARD = "gnu++14";
				CLANG_CXX_LIBRARY = "libc++";
				CLANG_ENABLE_MODULES = YES;
				CLANG_ENABLE_OBJC_ARC = YES;
				CLANG_ENABLE_OBJC_WEAK = YES;
				CLANG_WARN_BLOCK_CAPTURE_AUTORELEASING = YES;
				CLANG_WARN_BOOL_CONVERSION = YES;
				CLANG_WARN_COMMA = YES;
				CLANG_WARN_CONSTANT_CONVERSION = YES;
				CLANG_WARN_DEPRECATED_OBJC_IMPLEMENTATIONS = YES;
				CLANG_WARN_DIRECT_OBJC_ISA_USAGE = YES_ERROR;
				CLANG_WARN_DOCUMENTATION_COMMENTS = YES;
				CLANG_WARN_EMPTY_BODY = YES;
				CLANG_WARN_ENUM_CONVERSION = YES;
				CLANG_WARN_INFINITE_RECURSION = YES;
				CLANG_WARN_INT_CONVERSION = YES;
				CLANG_WARN_NON_LITERAL_NULL_CONVERSION = YES;
				CLANG_WARN_OBJC_IMPLICIT_RETAIN_SELF = YES;
				CLANG_WARN_OBJC_LITERAL_CONVERSION = YES;
				CLANG_WARN_OBJC_ROOT_CLASS = YES_ERROR;
				CLANG_WARN_RANGE_LOOP_ANALYSIS = YES;
				CLANG_WARN_STRICT_PROTOTYPES = YES;
				CLANG_WARN_SUSPICIOUS_MOVE = YES;
				CLANG_WARN_UNGUARDED_AVAILABILITY = YES_AGGRESSIVE;
				CLANG_WARN_UNREACHABLE_CODE = YES;
				CLANG_WARN__DUPLICATE_METHOD_MATCH = YES;
				CODE_SIGN_IDENTITY = "iPhone Developer";
				COPY_PHASE_STRIP = NO;
				DEBUG_INFORMATION_FORMAT = "dwarf-with-dsym";
				ENABLE_NS_ASSERTIONS = NO;
				ENABLE_STRICT_OBJC_MSGSEND = YES;
				GCC_C_LANGUAGE_STANDARD = gnu11;
				GCC_NO_COMMON_BLOCKS = YES;
				GCC_WARN_64_TO_32_BIT_CONVERSION = YES;
				GCC_WARN_ABOUT_RETURN_TYPE = YES_ERROR;
				GCC_WARN_UNDECLARED_SELECTOR = YES;
				GCC_WARN_UNINITIALIZED_AUTOS = YES_AGGRESSIVE;
				GCC_WARN_UNUSED_FUNCTION = YES;
				GCC_WARN_UNUSED_VARIABLE = YES;
				IPHONEOS_DEPLOYMENT_TARGET = 12.1;
				MTL_ENABLE_DEBUG_INFO = NO;
				MTL_FAST_MATH = YES;
				SDKROOT = iphoneos;
				SWIFT_COMPILATION_MODE = wholemodule;
				SWIFT_OPTIMIZATION_LEVEL = "-O";
				VALIDATE_PRODUCT = YES;
			};
			name = Release;
		};
		A20EAAB8225B3AD00067A9BD /* Debug */ = {
			isa = XCBuildConfiguration;
			baseConfigurationReference = 4078C80C2BAF59BE986A6D37 /* Pods-hotspotChatroom.debug.xcconfig */;
			buildSettings = {
				ASSETCATALOG_COMPILER_APPICON_NAME = AppIcon;
				CODE_SIGN_STYLE = Automatic;
				DEVELOPMENT_TEAM = P32RCPLKG8;
				INFOPLIST_FILE = hotspotChatroom/Info.plist;
				LD_RUNPATH_SEARCH_PATHS = (
					"$(inherited)",
					"@executable_path/Frameworks",
				);
				PRODUCT_BUNDLE_IDENTIFIER = jenssellen.com.hotspotChatroom;
				PRODUCT_NAME = "$(TARGET_NAME)";
				SWIFT_VERSION = 4.2;
				TARGETED_DEVICE_FAMILY = "1,2";
			};
			name = Debug;
		};
		A20EAAB9225B3AD00067A9BD /* Release */ = {
			isa = XCBuildConfiguration;
			baseConfigurationReference = E00683892074D6499104B5EA /* Pods-hotspotChatroom.release.xcconfig */;
			buildSettings = {
				ASSETCATALOG_COMPILER_APPICON_NAME = AppIcon;
				CODE_SIGN_STYLE = Automatic;
				DEVELOPMENT_TEAM = P32RCPLKG8;
				INFOPLIST_FILE = hotspotChatroom/Info.plist;
				LD_RUNPATH_SEARCH_PATHS = (
					"$(inherited)",
					"@executable_path/Frameworks",
				);
				PRODUCT_BUNDLE_IDENTIFIER = jenssellen.com.hotspotChatroom;
				PRODUCT_NAME = "$(TARGET_NAME)";
				SWIFT_VERSION = 4.2;
				TARGETED_DEVICE_FAMILY = "1,2";
			};
			name = Release;
		};
/* End XCBuildConfiguration section */

/* Begin XCConfigurationList section */
		A20EAAA0225B3ACF0067A9BD /* Build configuration list for PBXProject "hotspotChatroom" */ = {
			isa = XCConfigurationList;
			buildConfigurations = (
				A20EAAB5225B3AD00067A9BD /* Debug */,
				A20EAAB6225B3AD00067A9BD /* Release */,
			);
			defaultConfigurationIsVisible = 0;
			defaultConfigurationName = Release;
		};
		A20EAAB7225B3AD00067A9BD /* Build configuration list for PBXNativeTarget "hotspotChatroom" */ = {
			isa = XCConfigurationList;
			buildConfigurations = (
				A20EAAB8225B3AD00067A9BD /* Debug */,
				A20EAAB9225B3AD00067A9BD /* Release */,
			);
			defaultConfigurationIsVisible = 0;
			defaultConfigurationName = Release;
		};
/* End XCConfigurationList section */
	};
	rootObject = A20EAA9D225B3ACF0067A9BD /* Project object */;
}
